{
    "_meta": {
        "hash": {
            "sha256": "a7ab054612c923e2e6e6f3d10594e04c43f90abffba80af387c32ae026d01d7f"
        },
        "pipfile-spec": 6,
        "requires": {
            "python_version": "3.10"
        },
        "sources": [
            {
                "name": "pypi",
                "url": "https://pypi.org/simple",
                "verify_ssl": true
            }
        ]
    },
    "default": {
        "beautifulsoup4": {
            "hashes": [
                "sha256:58d5c3d29f5a36ffeb94f02f0d786cd53014cf9b3b3951d42e0080d8a9498d30",
                "sha256:ad9aa55b65ef2808eb405f46cf74df7fcb7044d5cbc26487f96eb2ef2e436693"
            ],
            "index": "pypi",
            "version": "==4.11.1"
        },
        "pypdf2": {
            "hashes": [
                "sha256:a568453329f8ad73bb001bcf70fd2fd97ec6525669c54552b2b9e99c2e469459",
                "sha256:ad48e18a3b93de2a769e7d70b025baea8060c3f31829b83b031d842125f059b6"
            ],
            "index": "pypi",
            "version": "==2.10.5"
        },
        "soupsieve": {
            "hashes": [
                "sha256:3b2503d3c7084a42b1ebd08116e5f81aadfaea95863628c80a3b774a11b7c759",
                "sha256:fc53893b3da2c33de295667a0e19f078c14bf86544af307354de5fcf12a3f30d"
            ],
            "markers": "python_version >= '3.6'",
            "version": "==2.3.2.post1"
        }
    },
    "develop": {}
}
